
Microsoft Visual Studio Solution File, Format Version 12.00
# Visual Studio Version 16
VisualStudioVersion = 16.0.30804.86
MinimumVisualStudioVersion = 10.0.40219.1
Project("{FAE04EC0-301F-11D3-BF4B-00C04F79EFBC}") = "BusSeatsControl", "BusSeatsControl\BusSeatsControl.csproj", "{5FECE210-0720-44D2-8AD8-AAB96A768FE7}"
EndProject
Project("{FAE04EC0-301F-11D3-BF4B-00C04F79EFBC}") = "TEstBusControl", "TEstBusControl\TEstBusControl.csproj", "{9056EBA0-1094-4137-8A0B-585D5C1A4EAD}"
EndProject
Global
	GlobalSection(SolutionConfigurationPlatforms) = preSolution
		Debug|Any CPU = Debug|Any CPU
		Release|Any CPU = Release|Any CPU
	EndGlobalSection
	GlobalSection(ProjectConfigurationPlatforms) = postSolution
		{5FECE210-0720-44D2-8AD8-AAB96A768FE7}.Debug|Any CPU.ActiveCfg = Debug|Any CPU
		{5FECE210-0720-44D2-8AD8-AAB96A768FE7}.Debug|Any CPU.Build.0 = Debug|Any CPU
		{5FECE210-0720-44D2-8AD8-AAB96A768FE7}.Release|Any CPU.ActiveCfg = Release|Any CPU
		{5FECE210-0720-44D2-8AD8-AAB96A768FE7}.Release|Any CPU.Build.0 = Release|Any CPU
		{9056EBA0-1094-4137-8A0B-585D5C1A4EAD}.Debug|Any CPU.ActiveCfg = Debug|Any CPU
		{9056EBA0-1094-4137-8A0B-585D5C1A4EAD}.Debug|Any CPU.Build.0 = Debug|Any CPU
		{9056EBA0-1094-4137-8A0B-585D5C1A4EAD}.Release|Any CPU.ActiveCfg = Release|Any CPU
		{9056EBA0-1094-4137-8A0B-585D5C1A4EAD}.Release|Any CPU.Build.0 = Release|Any CPU
	EndGlobalSection
	GlobalSection(SolutionProperties) = preSolution
		HideSolutionNode = FALSE
	EndGlobalSection
	GlobalSection(ExtensibilityGlobals) = postSolution
		SolutionGuid = {6BDA715B-2FA7-4FFB-8EEB-34B9F3B27E7D}
	EndGlobalSection
EndGlobal
